// !$*UTF8*$!
{
	archiveVersion = 1;
	classes = {
	};
	objectVersion = 50;
	objects = {

/* Begin PBXBuildFile section */
		612BF624240276DE005FC6C1 /* node_ffi_funs_dylib.h in Headers */ = {isa = PBXBuildFile; fileRef = 612BF623240276DE005FC6C1 /* node_ffi_funs_dylib.h */; };
		612BF626240276DE005FC6C1 /* node_ffi_funs_dylib.m in Sources */ = {isa = PBXBuildFile; fileRef = 612BF625240276DE005FC6C1 /* node_ffi_funs_dylib.m */; };
		612BF6322402BC54005FC6C1 /* AppKit.framework in Frameworks */ = {isa = PBXBuildFile; fileRef = 612BF6312402BC54005FC6C1 /* AppKit.framework */; };
		612BF66A24040B9D005FC6C1 /* ApplicationServices.framework in Frameworks */ = {isa = PBXBuildFile; fileRef = 612BF66924040B9D005FC6C1 /* ApplicationServices.framework */; };
/* End PBXBuildFile section */

/* Begin PBXFileReference section */
		612BF620240276DE005FC6C1 /* libnode-ffi-funs-dylib.dylib */ = {isa = PBXFileReference; explicitFileType = "compiled.mach-o.dylib"; includeInIndex = 0; path = "libnode-ffi-funs-dylib.dylib"; sourceTree = BUILT_PRODUCTS_DIR; };
		612BF623240276DE005FC6C1 /* node_ffi_funs_dylib.h */ = {isa = PBXFileReference; lastKnownFileType = sourcecode.c.h; path = node_ffi_funs_dylib.h; sourceTree = "<group>"; };
		612BF625240276DE005FC6C1 /* node_ffi_funs_dylib.m */ = {isa = PBXFileReference; lastKnownFileType = sourcecode.c.objc; path = node_ffi_funs_dylib.m; sourceTree = "<group>"; };
		612BF6312402BC54005FC6C1 /* AppKit.framework */ = {isa = PBXFileReference; lastKnownFileType = wrapper.framework; name = AppKit.framework; path = System/Library/Frameworks/AppKit.framework; sourceTree = SDKROOT; };
		612BF66924040B9D005FC6C1 /* ApplicationServices.framework */ = {isa = PBXFileReference; lastKnownFileType = wrapper.framework; name = ApplicationServices.framework; path = System/Library/Frameworks/ApplicationServices.framework; sourceTree = SDKROOT; };
/* End PBXFileReference section */

/* Begin PBXFrameworksBuildPhase section */
		612BF61E240276DE005FC6C1 /* Frameworks */ = {
			isa = PBXFrameworksBuildPhase;
			buildActionMask = 2147483647;
			files = (
				612BF66A24040B9D005FC6C1 /* ApplicationServices.framework in Frameworks */,
				612BF6322402BC54005FC6C1 /* AppKit.framework in Frameworks */,
			);
			runOnlyForDeploymentPostprocessing = 0;
		};
/* End PBXFrameworksBuildPhase section */

/* Begin PBXGroup section */
		612BF617240276DE005FC6C1 = {
			isa = PBXGroup;
			children = (
				612BF622240276DE005FC6C1 /* node-ffi-funs-dylib */,
				612BF621240276DE005FC6C1 /* Products */,
				612BF62C2402BBF5005FC6C1 /* Frameworks */,
			);
			sourceTree = "<group>";
		};
		612BF621240276DE005FC6C1 /* Products */ = {
			isa = PBXGroup;
			children = (
				612BF620240276DE005FC6C1 /* libnode-ffi-funs-dylib.dylib */,
			);
			name = Products;
			sourceTree = "<group>";
		};
		612BF622240276DE005FC6C1 /* node-ffi-funs-dylib */ = {
			isa = PBXGroup;
			children = (
				612BF623240276DE005FC6C1 /* node_ffi_funs_dylib.h */,
				612BF625240276DE005FC6C1 /* node_ffi_funs_dylib.m */,
			);
			path = "node-ffi-funs-dylib";
			sourceTree = "<group>";
		};
		612BF62C2402BBF5005FC6C1 /* Frameworks */ = {
			isa = PBXGroup;
			children = (
				612BF66924040B9D005FC6C1 /* ApplicationServices.framework */,
				612BF6312402BC54005FC6C1 /* AppKit.framework */,
			);
			name = Frameworks;
			sourceTree = "<group>";
		};
/* End PBXGroup section */

/* Begin PBXHeadersBuildPhase section */
		612BF61C240276DE005FC6C1 /* Headers */ = {
			isa = PBXHeadersBuildPhase;
			buildActionMask = 2147483647;
			files = (
				612BF624240276DE005FC6C1 /* node_ffi_funs_dylib.h in Headers */,
			);
			runOnlyForDeploymentPostprocessing = 0;
		};
/* End PBXHeadersBuildPhase section */

/* Begin PBXNativeTarget section */
		612BF61F240276DE005FC6C1 /* node-ffi-funs-dylib */ = {
			isa = PBXNativeTarget;
			buildConfigurationList = 612BF629240276DE005FC6C1 /* Build configuration list for PBXNativeTarget "node-ffi-funs-dylib" */;
			buildPhases = (
				612BF61C240276DE005FC6C1 /* Headers */,
				612BF61D240276DE005FC6C1 /* Sources */,
				612BF61E240276DE005FC6C1 /* Frameworks */,
			);
			buildRules = (
			);
			dependencies = (
			);
			name = "node-ffi-funs-dylib";
			productName = "node-ffi-funs-dylib";
			productReference = 612BF620240276DE005FC6C1 /* libnode-ffi-funs-dylib.dylib */;
			productType = "com.apple.product-type.library.dynamic";
		};
/* End PBXNativeTarget section */

/* Begin PBXProject section */
		612BF618240276DE005FC6C1 /* Project object */ = {
			isa = PBXProject;
			attributes = {
				LastUpgradeCheck = 1130;
				ORGANIZATIONNAME = sanmu;
				TargetAttributes = {
					612BF61F240276DE005FC6C1 = {
						CreatedOnToolsVersion = 11.3.1;
					};
				};
			};
			buildConfigurationList = 612BF61B240276DE005FC6C1 /* Build configuration list for PBXProject "node-ffi-funs-dylib" */;
			compatibilityVersion = "Xcode 9.3";
			developmentRegion = en;
			hasScannedForEncodings = 0;
			knownRegions = (
				en,
				Base,
			);
			mainGroup = 612BF617240276DE005FC6C1;
			productRefGroup = 612BF621240276DE005FC6C1 /* Products */;
			projectDirPath = "";
			projectRoot = "";
			targets = (
				612BF61F240276DE005FC6C1 /* node-ffi-funs-dylib */,
			);
		};
/* End PBXProject section */

/* Begin PBXSourcesBuildPhase section */
		612BF61D240276DE005FC6C1 /* Sources */ = {
			isa = PBXSourcesBuildPhase;
			buildActionMask = 2147483647;
			files = (
				612BF626240276DE005FC6C1 /* node_ffi_funs_dylib.m in Sources */,
			);
			runOnlyForDeploymentPostprocessing = 0;
		};
/* End PBXSourcesBuildPhase section */

/* Begin XCBuildConfiguration section */
		612BF627240276DE005FC6C1 /* Debug */ = {
			isa = XCBuildConfiguration;
			buildSettings = {
				ALWAYS_SEARCH_USER_PATHS = NO;
				CLANG_ANALYZER_NONNULL = YES;
				CLANG_ANALYZER_NUMBER_OBJECT_CONVERSION = YES_AGGRESSIVE;
				CLANG_CXX_LANGUAGE_STANDARD = "gnu++14";
				CLANG_CXX_LIBRARY = "libc++";
				CLANG_ENABLE_MODULES = YES;
				CLANG_ENABLE_OBJC_ARC = YES;
				CLANG_ENABLE_OBJC_WEAK = YES;
				CLANG_WARN_BLOCK_CAPTURE_AUTORELEASING = YES;
				CLANG_WARN_BOOL_CONVERSION = YES;
				CLANG_WARN_COMMA = YES;
				CLANG_WARN_CONSTANT_CONVERSION = YES;
				CLANG_WARN_DEPRECATED_OBJC_IMPLEMENTATIONS = YES;
				CLANG_WARN_DIRECT_OBJC_ISA_USAGE = YES_ERROR;
				CLANG_WARN_DOCUMENTATION_COMMENTS = YES;
				CLANG_WARN_EMPTY_BODY = YES;
				CLANG_WARN_ENUM_CONVERSION = YES;
				CLANG_WARN_INFINITE_RECURSION = YES;
				CLANG_WARN_INT_CONVERSION = YES;
				CLANG_WARN_NON_LITERAL_NULL_CONVERSION = YES;
				CLANG_WARN_OBJC_IMPLICIT_RETAIN_SELF = YES;
				CLANG_WARN_OBJC_LITERAL_CONVERSION = YES;
				CLANG_WARN_OBJC_ROOT_CLASS = YES_ERROR;
				CLANG_WARN_RANGE_LOOP_ANALYSIS = YES;
				CLANG_WARN_STRICT_PROTOTYPES = YES;
				CLANG_WARN_SUSPICIOUS_MOVE = YES;
				CLANG_WARN_UNGUARDED_AVAILABILITY = YES_AGGRESSIVE;
				CLANG_WARN_UNREACHABLE_CODE = YES;
				CLANG_WARN__DUPLICATE_METHOD_MATCH = YES;
				COPY_PHASE_STRIP = NO;
				DEBUG_INFORMATION_FORMAT = dwarf;
				ENABLE_STRICT_OBJC_MSGSEND = YES;
				ENABLE_TESTABILITY = YES;
				GCC_C_LANGUAGE_STANDARD = gnu11;
				GCC_DYNAMIC_NO_PIC = NO;
				GCC_NO_COMMON_BLOCKS = YES;
				GCC_OPTIMIZATION_LEVEL = 0;
				GCC_PREPROCESSOR_DEFINITIONS = (
					"DEBUG=1",
					"$(inherited)",
				);
				GCC_WARN_64_TO_32_BIT_CONVERSION = YES;
				GCC_WARN_ABOUT_RETURN_TYPE = YES_ERROR;
				GCC_WARN_UNDECLARED_SELECTOR = YES;
				GCC_WARN_UNINITIALIZED_AUTOS = YES_AGGRESSIVE;
				GCC_WARN_UNUSED_FUNCTION = YES;
				GCC_WARN_UNUSED_VARIABLE = YES;
				MACOSX_DEPLOYMENT_TARGET = 10.14;
				MTL_ENABLE_DEBUG_INFO = INCLUDE_SOURCE;
				MTL_FAST_MATH = YES;
				ONLY_ACTIVE_ARCH = YES;
				SDKROOT = macosx;
			};
			name = Debug;
		};
		612BF628240276DE005FC6C1 /* Release */ = {
			isa = XCBuildConfiguration;
			buildSettings = {
				ALWAYS_SEARCH_USER_PATHS = NO;
				CLANG_ANALYZER_NONNULL = YES;
				CLANG_ANALYZER_NUMBER_OBJECT_CONVERSION = YES_AGGRESSIVE;
				CLANG_CXX_LANGUAGE_STANDARD = "gnu++14";
				CLANG_CXX_LIBRARY = "libc++";
				CLANG_ENABLE_MODULES = YES;
				CLANG_ENABLE_OBJC_ARC = YES;
				CLANG_ENABLE_OBJC_WEAK = YES;
				CLANG_WARN_BLOCK_CAPTURE_AUTORELEASING = YES;
				CLANG_WARN_BOOL_CONVERSION = YES;
				CLANG_WARN_COMMA = YES;
				CLANG_WARN_CONSTANT_CONVERSION = YES;
				CLANG_WARN_DEPRECATED_OBJC_IMPLEMENTATIONS = YES;
				CLANG_WARN_DIRECT_OBJC_ISA_USAGE = YES_ERROR;
				CLANG_WARN_DOCUMENTATION_COMMENTS = YES;
				CLANG_WARN_EMPTY_BODY = YES;
				CLANG_WARN_ENUM_CONVERSION = YES;
				CLANG_WARN_INFINITE_RECURSION = YES;
				CLANG_WARN_INT_CONVERSION = YES;
				CLANG_WARN_NON_LITERAL_NULL_CONVERSION = YES;
				CLANG_WARN_OBJC_IMPLICIT_RETAIN_SELF = YES;
				CLANG_WARN_OBJC_LITERAL_CONVERSION = YES;
				CLANG_WARN_OBJC_ROOT_CLASS = YES_ERROR;
				CLANG_WARN_RANGE_LOOP_ANALYSIS = YES;
				CLANG_WARN_STRICT_PROTOTYPES = YES;
				CLANG_WARN_SUSPICIOUS_MOVE = YES;
				CLANG_WARN_UNGUARDED_AVAILABILITY = YES_AGGRESSIVE;
				CLANG_WARN_UNREACHABLE_CODE = YES;
				CLANG_WARN__DUPLICATE_METHOD_MATCH = YES;
				COPY_PHASE_STRIP = NO;
				DEBUG_INFORMATION_FORMAT = "dwarf-with-dsym";
				ENABLE_NS_ASSERTIONS = NO;
				ENABLE_STRICT_OBJC_MSGSEND = YES;
				GCC_C_LANGUAGE_STANDARD = gnu11;
				GCC_NO_COMMON_BLOCKS = YES;
				GCC_WARN_64_TO_32_BIT_CONVERSION = YES;
				GCC_WARN_ABOUT_RETURN_TYPE = YES_ERROR;
				GCC_WARN_UNDECLARED_SELECTOR = YES;
				GCC_WARN_UNINITIALIZED_AUTOS = YES_AGGRESSIVE;
				GCC_WARN_UNUSED_FUNCTION = YES;
				GCC_WARN_UNUSED_VARIABLE = YES;
				MACOSX_DEPLOYMENT_TARGET = 10.14;
				MTL_ENABLE_DEBUG_INFO = NO;
				MTL_FAST_MATH = YES;
				SDKROOT = macosx;
			};
			name = Release;
		};
		612BF62A240276DE005FC6C1 /* Debug */ = {
			isa = XCBuildConfiguration;
			buildSettings = {
				CODE_SIGN_STYLE = Automatic;
				DEVELOPMENT_TEAM = ZSL3H7S4QQ;
				DYLIB_COMPATIBILITY_VERSION = 1;
				DYLIB_CURRENT_VERSION = 1;
				EXECUTABLE_PREFIX = lib;
				PRODUCT_NAME = "$(TARGET_NAME)";
				SKIP_INSTALL = YES;
			};
			name = Debug;
		};
		612BF62B240276DE005FC6C1 /* Release */ = {
			isa = XCBuildConfiguration;
			buildSettings = {
				CODE_SIGN_STYLE = Automatic;
				DEVELOPMENT_TEAM = ZSL3H7S4QQ;
				DYLIB_COMPATIBILITY_VERSION = 1;
				DYLIB_CURRENT_VERSION = 1;
				EXECUTABLE_PREFIX = lib;
				PRODUCT_NAME = "$(TARGET_NAME)";
				SKIP_INSTALL = YES;
			};
			name = Release;
		};
/* End XCBuildConfiguration section */

/* Begin XCConfigurationList section */
		612BF61B240276DE005FC6C1 /* Build configuration list for PBXProject "node-ffi-funs-dylib" */ = {
			isa = XCConfigurationList;
			buildConfigurations = (
				612BF627240276DE005FC6C1 /* Debug */,
				612BF628240276DE005FC6C1 /* Release */,
			);
			defaultConfigurationIsVisible = 0;
			defaultConfigurationName = Release;
		};
		612BF629240276DE005FC6C1 /* Build configuration list for PBXNativeTarget "node-ffi-funs-dylib" */ = {
			isa = XCConfigurationList;
			buildConfigurations = (
				612BF62A240276DE005FC6C1 /* Debug */,
				612BF62B240276DE005FC6C1 /* Release */,
			);
			defaultConfigurationIsVisible = 0;
			defaultConfigurationName = Release;
		};
/* End XCConfigurationList section */
	};
	rootObject = 612BF618240276DE005FC6C1 /* Project object */;
}
